// !$*UTF8*$!
{
	archiveVersion = 1;
	classes = {
	};
	objectVersion = 46;
	objects = {

/* Begin PBXBuildFile section */
		504EC09C1C2B23970041ACE4 /* AppDelegate.swift in Sources */ = {isa = PBXBuildFile; fileRef = 504EC09B1C2B23970041ACE4 /* AppDelegate.swift */; };
		504EC09E1C2B23970041ACE4 /* CurrentLocationViewController.swift in Sources */ = {isa = PBXBuildFile; fileRef = 504EC09D1C2B23970041ACE4 /* CurrentLocationViewController.swift */; };
		504EC0A31C2B23970041ACE4 /* Main.storyboard in Resources */ = {isa = PBXBuildFile; fileRef = 504EC0A11C2B23970041ACE4 /* Main.storyboard */; };
		504EC0A51C2B23970041ACE4 /* Assets.xcassets in Resources */ = {isa = PBXBuildFile; fileRef = 504EC0A41C2B23970041ACE4 /* Assets.xcassets */; };
		504EC0A81C2B23970041ACE4 /* LaunchScreen.storyboard in Resources */ = {isa = PBXBuildFile; fileRef = 504EC0A61C2B23970041ACE4 /* LaunchScreen.storyboard */; };
		50F37F381C2E52EF00F90F45 /* LocationDetailsViewController.swift in Sources */ = {isa = PBXBuildFile; fileRef = 50F37F371C2E52EF00F90F45 /* LocationDetailsViewController.swift */; };
/* End PBXBuildFile section */

/* Begin PBXFileReference section */
		504EC0981C2B23970041ACE4 /* MyLocations.app */ = {isa = PBXFileReference; explicitFileType = wrapper.application; includeInIndex = 0; path = MyLocations.app; sourceTree = BUILT_PRODUCTS_DIR; };
		504EC09B1C2B23970041ACE4 /* AppDelegate.swift */ = {isa = PBXFileReference; lastKnownFileType = sourcecode.swift; path = AppDelegate.swift; sourceTree = "<group>"; };
		504EC09D1C2B23970041ACE4 /* CurrentLocationViewController.swift */ = {isa = PBXFileReference; lastKnownFileType = sourcecode.swift; path = CurrentLocationViewController.swift; sourceTree = "<group>"; };
		504EC0A21C2B23970041ACE4 /* Base */ = {isa = PBXFileReference; lastKnownFileType = file.storyboard; name = Base; path = Base.lproj/Main.storyboard; sourceTree = "<group>"; };
		504EC0A41C2B23970041ACE4 /* Assets.xcassets */ = {isa = PBXFileReference; lastKnownFileType = folder.assetcatalog; path = Assets.xcassets; sourceTree = "<group>"; };
		504EC0A71C2B23970041ACE4 /* Base */ = {isa = PBXFileReference; lastKnownFileType = file.storyboard; name = Base; path = Base.lproj/LaunchScreen.storyboard; sourceTree = "<group>"; };
		504EC0A91C2B23970041ACE4 /* Info.plist */ = {isa = PBXFileReference; lastKnownFileType = text.plist.xml; path = Info.plist; sourceTree = "<group>"; };
		50F37F371C2E52EF00F90F45 /* LocationDetailsViewController.swift */ = {isa = PBXFileReference; fileEncoding = 4; lastKnownFileType = sourcecode.swift; path = LocationDetailsViewController.swift; sourceTree = "<group>"; };
/* End PBXFileReference section */

/* Begin PBXFrameworksBuildPhase section */
		504EC0951C2B23970041ACE4 /* Frameworks */ = {
			isa = PBXFrameworksBuildPhase;
			buildActionMask = 2147483647;
			files = (
			);
			runOnlyForDeploymentPostprocessing = 0;
		};
/* End PBXFrameworksBuildPhase section */

/* Begin PBXGroup section */
		504EC08F1C2B23970041ACE4 = {
			isa = PBXGroup;
			children = (
				504EC09A1C2B23970041ACE4 /* MyLocations */,
				504EC0991C2B23970041ACE4 /* Products */,
			);
			sourceTree = "<group>";
		};
		504EC0991C2B23970041ACE4 /* Products */ = {
			isa = PBXGroup;
			children = (
				504EC0981C2B23970041ACE4 /* MyLocations.app */,
			);
			name = Products;
			sourceTree = "<group>";
		};
		504EC09A1C2B23970041ACE4 /* MyLocations */ = {
			isa = PBXGroup;
			children = (
				504EC09B1C2B23970041ACE4 /* AppDelegate.swift */,
				504EC09D1C2B23970041ACE4 /* CurrentLocationViewController.swift */,
				50F37F371C2E52EF00F90F45 /* LocationDetailsViewController.swift */,
				504EC0A11C2B23970041ACE4 /* Main.storyboard */,
				504EC0A41C2B23970041ACE4 /* Assets.xcassets */,
				504EC0A61C2B23970041ACE4 /* LaunchScreen.storyboard */,
				504EC0A91C2B23970041ACE4 /* Info.plist */,
			);
			path = MyLocations;
			sourceTree = "<group>";
		};
/* End PBXGroup section */

/* Begin PBXNativeTarget section */
		504EC0971C2B23970041ACE4 /* MyLocations */ = {
			isa = PBXNativeTarget;
			buildConfigurationList = 504EC0AC1C2B23970041ACE4 /* Build configuration list for PBXNativeTarget "MyLocations" */;
			buildPhases = (
				504EC0941C2B23970041ACE4 /* Sources */,
				504EC0951C2B23970041ACE4 /* Frameworks */,
				504EC0961C2B23970041ACE4 /* Resources */,
			);
			buildRules = (
			);
			dependencies = (
			);
			name = MyLocations;
			productName = MyLocations;
			productReference = 504EC0981C2B23970041ACE4 /* MyLocations.app */;
			productType = "com.apple.product-type.application";
		};
/* End PBXNativeTarget section */

/* Begin PBXProject section */
		504EC0901C2B23970041ACE4 /* Project object */ = {
			isa = PBXProject;
			attributes = {
				LastSwiftUpdateCheck = 0720;
				LastUpgradeCheck = 0720;
				ORGANIZATIONNAME = "Jovanny Espinal";
				TargetAttributes = {
					504EC0971C2B23970041ACE4 = {
						CreatedOnToolsVersion = 7.2;
					};
				};
			};
			buildConfigurationList = 504EC0931C2B23970041ACE4 /* Build configuration list for PBXProject "MyLocations" */;
			compatibilityVersion = "Xcode 3.2";
			developmentRegion = English;
			hasScannedForEncodings = 0;
			knownRegions = (
				en,
				Base,
			);
			mainGroup = 504EC08F1C2B23970041ACE4;
			productRefGroup = 504EC0991C2B23970041ACE4 /* Products */;
			projectDirPath = "";
			projectRoot = "";
			targets = (
				504EC0971C2B23970041ACE4 /* MyLocations */,
			);
		};
/* End PBXProject section */

/* Begin PBXResourcesBuildPhase section */
		504EC0961C2B23970041ACE4 /* Resources */ = {
			isa = PBXResourcesBuildPhase;
			buildActionMask = 2147483647;
			files = (
				504EC0A81C2B23970041ACE4 /* LaunchScreen.storyboard in Resources */,
				504EC0A51C2B23970041ACE4 /* Assets.xcassets in Resources */,
				504EC0A31C2B23970041ACE4 /* Main.storyboard in Resources */,
			);
			runOnlyForDeploymentPostprocessing = 0;
		};
/* End PBXResourcesBuildPhase section */

/* Begin PBXSourcesBuildPhase section */
		504EC0941C2B23970041ACE4 /* Sources */ = {
			isa = PBXSourcesBuildPhase;
			buildActionMask = 2147483647;
			files = (
				50F37F381C2E52EF00F90F45 /* LocationDetailsViewController.swift in Sources */,
				504EC09C1C2B23970041ACE4 /* AppDelegate.swift in Sources */,
				504EC09E1C2B23970041ACE4 /* CurrentLocationViewController.swift in Sources */,
			);
			runOnlyForDeploymentPostprocessing = 0;
		};
/* End PBXSourcesBuildPhase section */

/* Begin PBXVariantGroup section */
		504EC0A11C2B23970041ACE4 /* Main.storyboard */ = {
			isa = PBXVariantGroup;
			children = (
				504EC0A21C2B23970041ACE4 /* Base */,
			);
			name = Main.storyboard;
			sourceTree = "<group>";
		};
		504EC0A61C2B23970041ACE4 /* LaunchScreen.storyboard */ = {
			isa = PBXVariantGroup;
			children = (
				504EC0A71C2B23970041ACE4 /* Base */,
			);
			name = LaunchScreen.storyboard;
			sourceTree = "<group>";
		};
/* End PBXVariantGroup section */

/* Begin XCBuildConfiguration section */
		504EC0AA1C2B23970041ACE4 /* Debug */ = {
			isa = XCBuildConfiguration;
			buildSettings = {
				ALWAYS_SEARCH_USER_PATHS = NO;
				CLANG_CXX_LANGUAGE_STANDARD = "gnu++0x";
				CLANG_CXX_LIBRARY = "libc++";
				CLANG_ENABLE_MODULES = YES;
				CLANG_ENABLE_OBJC_ARC = YES;
				CLANG_WARN_BOOL_CONVERSION = YES;
				CLANG_WARN_CONSTANT_CONVERSION = YES;
				CLANG_WARN_DIRECT_OBJC_ISA_USAGE = YES_ERROR;
				CLANG_WARN_EMPTY_BODY = YES;
				CLANG_WARN_ENUM_CONVERSION = YES;
				CLANG_WARN_INT_CONVERSION = YES;
				CLANG_WARN_OBJC_ROOT_CLASS = YES_ERROR;
				CLANG_WARN_UNREACHABLE_CODE = YES;
				CLANG_WARN__DUPLICATE_METHOD_MATCH = YES;
				"CODE_SIGN_IDENTITY[sdk=iphoneos*]" = "iPhone Developer";
				COPY_PHASE_STRIP = NO;
				DEBUG_INFORMATION_FORMAT = dwarf;
				ENABLE_STRICT_OBJC_MSGSEND = YES;
				ENABLE_TESTABILITY = YES;
				GCC_C_LANGUAGE_STANDARD = gnu99;
				GCC_DYNAMIC_NO_PIC = NO;
				GCC_NO_COMMON_BLOCKS = YES;
				GCC_OPTIMIZATION_LEVEL = 0;
				GCC_PREPROCESSOR_DEFINITIONS = (
					"DEBUG=1",
					"$(inherited)",
				);
				GCC_WARN_64_TO_32_BIT_CONVERSION = YES;
				GCC_WARN_ABOUT_RETURN_TYPE = YES_ERROR;
				GCC_WARN_UNDECLARED_SELECTOR = YES;
				GCC_WARN_UNINITIALIZED_AUTOS = YES_AGGRESSIVE;
				GCC_WARN_UNUSED_FUNCTION = YES;
				GCC_WARN_UNUSED_VARIABLE = YES;
				IPHONEOS_DEPLOYMENT_TARGET = 9.2;
				MTL_ENABLE_DEBUG_INFO = YES;
				ONLY_ACTIVE_ARCH = YES;
				SDKROOT = iphoneos;
				SWIFT_OPTIMIZATION_LEVEL = "-Onone";
			};
			name = Debug;
		};
		504EC0AB1C2B23970041ACE4 /* Release */ = {
			isa = XCBuildConfiguration;
			buildSettings = {
				ALWAYS_SEARCH_USER_PATHS = NO;
				CLANG_CXX_LANGUAGE_STANDARD = "gnu++0x";
				CLANG_CXX_LIBRARY = "libc++";
				CLANG_ENABLE_MODULES = YES;
				CLANG_ENABLE_OBJC_ARC = YES;
				CLANG_WARN_BOOL_CONVERSION = YES;
				CLANG_WARN_CONSTANT_CONVERSION = YES;
				CLANG_WARN_DIRECT_OBJC_ISA_USAGE = YES_ERROR;
				CLANG_WARN_EMPTY_BODY = YES;
				CLANG_WARN_ENUM_CONVERSION = YES;
				CLANG_WARN_INT_CONVERSION = YES;
				CLANG_WARN_OBJC_ROOT_CLASS = YES_ERROR;
				CLANG_WARN_UNREACHABLE_CODE = YES;
				CLANG_WARN__DUPLICATE_METHOD_MATCH = YES;
				"CODE_SIGN_IDENTITY[sdk=iphoneos*]" = "iPhone Developer";
				COPY_PHASE_STRIP = NO;
				DEBUG_INFORMATION_FORMAT = "dwarf-with-dsym";
				ENABLE_NS_ASSERTIONS = NO;
				ENABLE_STRICT_OBJC_MSGSEND = YES;
				GCC_C_LANGUAGE_STANDARD = gnu99;
				GCC_NO_COMMON_BLOCKS = YES;
				GCC_WARN_64_TO_32_BIT_CONVERSION = YES;
				GCC_WARN_ABOUT_RETURN_TYPE = YES_ERROR;
				GCC_WARN_UNDECLARED_SELECTOR = YES;
				GCC_WARN_UNINITIALIZED_AUTOS = YES_AGGRESSIVE;
				GCC_WARN_UNUSED_FUNCTION = YES;
				GCC_WARN_UNUSED_VARIABLE = YES;
				IPHONEOS_DEPLOYMENT_TARGET = 9.2;
				MTL_ENABLE_DEBUG_INFO = NO;
				SDKROOT = iphoneos;
				VALIDATE_PRODUCT = YES;
			};
			name = Release;
		};
		504EC0AD1C2B23970041ACE4 /* Debug */ = {
			isa = XCBuildConfiguration;
			buildSettings = {
				ASSETCATALOG_COMPILER_APPICON_NAME = AppIcon;
				INFOPLIST_FILE = MyLocations/Info.plist;
				LD_RUNPATH_SEARCH_PATHS = "$(inherited) @executable_path/Frameworks";
				PRODUCT_BUNDLE_IDENTIFIER = jovannyespinal.MyLocations;
				PRODUCT_NAME = "$(TARGET_NAME)";
			};
			name = Debug;
		};
		504EC0AE1C2B23970041ACE4 /* Release */ = {
			isa = XCBuildConfiguration;
			buildSettings = {
				ASSETCATALOG_COMPILER_APPICON_NAME = AppIcon;
				INFOPLIST_FILE = MyLocations/Info.plist;
				LD_RUNPATH_SEARCH_PATHS = "$(inherited) @executable_path/Frameworks";
				PRODUCT_BUNDLE_IDENTIFIER = jovannyespinal.MyLocations;
				PRODUCT_NAME = "$(TARGET_NAME)";
			};
			name = Release;
		};
/* End XCBuildConfiguration section */

/* Begin XCConfigurationList section */
		504EC0931C2B23970041ACE4 /* Build configuration list for PBXProject "MyLocations" */ = {
			isa = XCConfigurationList;
			buildConfigurations = (
				504EC0AA1C2B23970041ACE4 /* Debug */,
				504EC0AB1C2B23970041ACE4 /* Release */,
			);
			defaultConfigurationIsVisible = 0;
			defaultConfigurationName = Release;
		};
		504EC0AC1C2B23970041ACE4 /* Build configuration list for PBXNativeTarget "MyLocations" */ = {
			isa = XCConfigurationList;
			buildConfigurations = (
				504EC0AD1C2B23970041ACE4 /* Debug */,
				504EC0AE1C2B23970041ACE4 /* Release */,
			);
			defaultConfigurationIsVisible = 0;
			defaultConfigurationName = Release;
		};
/* End XCConfigurationList section */
	};
	rootObject = 504EC0901C2B23970041ACE4 /* Project object */;
}
